
Microsoft Visual Studio Solution File, Format Version 12.00
# Visual Studio Version 16
VisualStudioVersion = 16.0.33423.256
MinimumVisualStudioVersion = 10.0.40219.1
Project("{FAE04EC0-301F-11D3-BF4B-00C04F79EFBC}") = "Dao", "Dao\Dao.csproj", "{B2E163CC-749F-443C-A6F2-A1C4F38F093A}"
EndProject
Project("{FAE04EC0-301F-11D3-BF4B-00C04F79EFBC}") = "Negocio", "Negocio\Negocio.csproj", "{4BB3B4CF-6A92-419F-BD4C-0024B130EAD5}"
EndProject
Project("{FAE04EC0-301F-11D3-BF4B-00C04F79EFBC}") = "Entidades", "Entidades\Entidades.csproj", "{3292C257-1BBF-46B3-991F-330B131B633E}"
EndProject
Project("{FAE04EC0-301F-11D3-BF4B-00C04F79EFBC}") = "Vistass", "Vistass\Vistass.csproj", "{18BBEC63-BCF3-4AD5-8C0A-93F91B6BF844}"
EndProject
Global
	GlobalSection(SolutionConfigurationPlatforms) = preSolution
		Debug|Any CPU = Debug|Any CPU
		Release|Any CPU = Release|Any CPU
	EndGlobalSection
	GlobalSection(ProjectConfigurationPlatforms) = postSolution
		{B2E163CC-749F-443C-A6F2-A1C4F38F093A}.Debug|Any CPU.ActiveCfg = Debug|Any CPU
		{B2E163CC-749F-443C-A6F2-A1C4F38F093A}.Debug|Any CPU.Build.0 = Debug|Any CPU
		{B2E163CC-749F-443C-A6F2-A1C4F38F093A}.Release|Any CPU.ActiveCfg = Release|Any CPU
		{B2E163CC-749F-443C-A6F2-A1C4F38F093A}.Release|Any CPU.Build.0 = Release|Any CPU
		{4BB3B4CF-6A92-419F-BD4C-0024B130EAD5}.Debug|Any CPU.ActiveCfg = Debug|Any CPU
		{4BB3B4CF-6A92-419F-BD4C-0024B130EAD5}.Debug|Any CPU.Build.0 = Debug|Any CPU
		{4BB3B4CF-6A92-419F-BD4C-0024B130EAD5}.Release|Any CPU.ActiveCfg = Release|Any CPU
		{4BB3B4CF-6A92-419F-BD4C-0024B130EAD5}.Release|Any CPU.Build.0 = Release|Any CPU
		{3292C257-1BBF-46B3-991F-330B131B633E}.Debug|Any CPU.ActiveCfg = Debug|Any CPU
		{3292C257-1BBF-46B3-991F-330B131B633E}.Debug|Any CPU.Build.0 = Debug|Any CPU
		{3292C257-1BBF-46B3-991F-330B131B633E}.Release|Any CPU.ActiveCfg = Release|Any CPU
		{3292C257-1BBF-46B3-991F-330B131B633E}.Release|Any CPU.Build.0 = Release|Any CPU
		{18BBEC63-BCF3-4AD5-8C0A-93F91B6BF844}.Debug|Any CPU.ActiveCfg = Debug|Any CPU
		{18BBEC63-BCF3-4AD5-8C0A-93F91B6BF844}.Debug|Any CPU.Build.0 = Debug|Any CPU
		{18BBEC63-BCF3-4AD5-8C0A-93F91B6BF844}.Release|Any CPU.ActiveCfg = Release|Any CPU
		{18BBEC63-BCF3-4AD5-8C0A-93F91B6BF844}.Release|Any CPU.Build.0 = Release|Any CPU
	EndGlobalSection
	GlobalSection(SolutionProperties) = preSolution
		HideSolutionNode = FALSE
	EndGlobalSection
	GlobalSection(ExtensibilityGlobals) = postSolution
		SolutionGuid = {314DA11E-DB25-41F5-B474-C54E30926096}
	EndGlobalSection
EndGlobal
