
Microsoft Visual Studio Solution File, Format Version 12.00
# Visual Studio Version 16
VisualStudioVersion = 16.0.33423.256
MinimumVisualStudioVersion = 10.0.40219.1
Project("{FAE04EC0-301F-11D3-BF4B-00C04F79EFBC}") = "Tp5", "Tp5\Tp5.csproj", "{DA3FC003-E823-4741-947E-4468D29830A6}"
EndProject
Global
	GlobalSection(SolutionConfigurationPlatforms) = preSolution
		Debug|Any CPU = Debug|Any CPU
		Release|Any CPU = Release|Any CPU
	EndGlobalSection
	GlobalSection(ProjectConfigurationPlatforms) = postSolution
		{DA3FC003-E823-4741-947E-4468D29830A6}.Debug|Any CPU.ActiveCfg = Debug|Any CPU
		{DA3FC003-E823-4741-947E-4468D29830A6}.Debug|Any CPU.Build.0 = Debug|Any CPU
		{DA3FC003-E823-4741-947E-4468D29830A6}.Release|Any CPU.ActiveCfg = Release|Any CPU
		{DA3FC003-E823-4741-947E-4468D29830A6}.Release|Any CPU.Build.0 = Release|Any CPU
	EndGlobalSection
	GlobalSection(SolutionProperties) = preSolution
		HideSolutionNode = FALSE
	EndGlobalSection
	GlobalSection(ExtensibilityGlobals) = postSolution
		SolutionGuid = {A41C2567-EBC3-49DF-9072-9AF51FA87AB7}
	EndGlobalSection
EndGlobal
